// !$*UTF8*$!
{
	archiveVersion = 1;
	classes = {
	};
	objectVersion = 50;
	objects = {

/* Begin PBXBuildFile section */
		1A20663C23D048260057E040 /* ArticleRow.swift in Sources */ = {isa = PBXBuildFile; fileRef = 1A20663B23D048260057E040 /* ArticleRow.swift */; };
		1AC0DD5C23CE073700CF4C45 /* WriteArticle.swift in Sources */ = {isa = PBXBuildFile; fileRef = 1AC0DD5B23CE073700CF4C45 /* WriteArticle.swift */; };
		1AFB425F23A8EC0300585B3B /* AppDelegate.swift in Sources */ = {isa = PBXBuildFile; fileRef = 1AFB425E23A8EC0300585B3B /* AppDelegate.swift */; };
		1AFB426123A8EC0300585B3B /* SceneDelegate.swift in Sources */ = {isa = PBXBuildFile; fileRef = 1AFB426023A8EC0300585B3B /* SceneDelegate.swift */; };
		1AFB426323A8EC0300585B3B /* ContentView.swift in Sources */ = {isa = PBXBuildFile; fileRef = 1AFB426223A8EC0300585B3B /* ContentView.swift */; };
		1AFB426523A8EC0600585B3B /* Assets.xcassets in Resources */ = {isa = PBXBuildFile; fileRef = 1AFB426423A8EC0600585B3B /* Assets.xcassets */; };
		1AFB426823A8EC0600585B3B /* Preview Assets.xcassets in Resources */ = {isa = PBXBuildFile; fileRef = 1AFB426723A8EC0600585B3B /* Preview Assets.xcassets */; };
		1AFB426B23A8EC0600585B3B /* LaunchScreen.storyboard in Resources */ = {isa = PBXBuildFile; fileRef = 1AFB426923A8EC0600585B3B /* LaunchScreen.storyboard */; };
		1AFB427323A8ECBA00585B3B /* ArticleFetcher.swift in Sources */ = {isa = PBXBuildFile; fileRef = 1AFB427223A8ECBA00585B3B /* ArticleFetcher.swift */; };
		1AFB427723A9142400585B3B /* ArticleContent.swift in Sources */ = {isa = PBXBuildFile; fileRef = 1AFB427623A9142400585B3B /* ArticleContent.swift */; };
		1AFB427923A916EB00585B3B /* ListArticle.swift in Sources */ = {isa = PBXBuildFile; fileRef = 1AFB427823A916EB00585B3B /* ListArticle.swift */; };
		1AFB427B23A918E000585B3B /* Article.swift in Sources */ = {isa = PBXBuildFile; fileRef = 1AFB427A23A918E000585B3B /* Article.swift */; };
		1AFB427D23A9267A00585B3B /* PullToRefresh.swift in Sources */ = {isa = PBXBuildFile; fileRef = 1AFB427C23A9267A00585B3B /* PullToRefresh.swift */; };
/* End PBXBuildFile section */

/* Begin PBXFileReference section */
		1A20663B23D048260057E040 /* ArticleRow.swift */ = {isa = PBXFileReference; lastKnownFileType = sourcecode.swift; path = ArticleRow.swift; sourceTree = "<group>"; };
		1AC0DD5B23CE073700CF4C45 /* WriteArticle.swift */ = {isa = PBXFileReference; lastKnownFileType = sourcecode.swift; path = WriteArticle.swift; sourceTree = "<group>"; };
		1AFB425B23A8EC0300585B3B /* RefreshableList_ver2.app */ = {isa = PBXFileReference; explicitFileType = wrapper.application; includeInIndex = 0; path = RefreshableList_ver2.app; sourceTree = BUILT_PRODUCTS_DIR; };
		1AFB425E23A8EC0300585B3B /* AppDelegate.swift */ = {isa = PBXFileReference; lastKnownFileType = sourcecode.swift; path = AppDelegate.swift; sourceTree = "<group>"; };
		1AFB426023A8EC0300585B3B /* SceneDelegate.swift */ = {isa = PBXFileReference; lastKnownFileType = sourcecode.swift; path = SceneDelegate.swift; sourceTree = "<group>"; };
		1AFB426223A8EC0300585B3B /* ContentView.swift */ = {isa = PBXFileReference; lastKnownFileType = sourcecode.swift; path = ContentView.swift; sourceTree = "<group>"; };
		1AFB426423A8EC0600585B3B /* Assets.xcassets */ = {isa = PBXFileReference; lastKnownFileType = folder.assetcatalog; path = Assets.xcassets; sourceTree = "<group>"; };
		1AFB426723A8EC0600585B3B /* Preview Assets.xcassets */ = {isa = PBXFileReference; lastKnownFileType = folder.assetcatalog; path = "Preview Assets.xcassets"; sourceTree = "<group>"; };
		1AFB426A23A8EC0600585B3B /* Base */ = {isa = PBXFileReference; lastKnownFileType = file.storyboard; name = Base; path = Base.lproj/LaunchScreen.storyboard; sourceTree = "<group>"; };
		1AFB426C23A8EC0600585B3B /* Info.plist */ = {isa = PBXFileReference; lastKnownFileType = text.plist.xml; path = Info.plist; sourceTree = "<group>"; };
		1AFB427223A8ECBA00585B3B /* ArticleFetcher.swift */ = {isa = PBXFileReference; lastKnownFileType = sourcecode.swift; path = ArticleFetcher.swift; sourceTree = "<group>"; };
		1AFB427623A9142400585B3B /* ArticleContent.swift */ = {isa = PBXFileReference; lastKnownFileType = sourcecode.swift; path = ArticleContent.swift; sourceTree = "<group>"; };
		1AFB427823A916EB00585B3B /* ListArticle.swift */ = {isa = PBXFileReference; lastKnownFileType = sourcecode.swift; path = ListArticle.swift; sourceTree = "<group>"; };
		1AFB427A23A918E000585B3B /* Article.swift */ = {isa = PBXFileReference; lastKnownFileType = sourcecode.swift; path = Article.swift; sourceTree = "<group>"; };
		1AFB427C23A9267A00585B3B /* PullToRefresh.swift */ = {isa = PBXFileReference; lastKnownFileType = sourcecode.swift; path = PullToRefresh.swift; sourceTree = "<group>"; };
/* End PBXFileReference section */

/* Begin PBXFrameworksBuildPhase section */
		1AFB425823A8EC0300585B3B /* Frameworks */ = {
			isa = PBXFrameworksBuildPhase;
			buildActionMask = 2147483647;
			files = (
			);
			runOnlyForDeploymentPostprocessing = 0;
		};
/* End PBXFrameworksBuildPhase section */

/* Begin PBXGroup section */
		1AFB425223A8EC0300585B3B = {
			isa = PBXGroup;
			children = (
				1AFB425D23A8EC0300585B3B /* RefreshableList_ver2 */,
				1AFB425C23A8EC0300585B3B /* Products */,
			);
			sourceTree = "<group>";
		};
		1AFB425C23A8EC0300585B3B /* Products */ = {
			isa = PBXGroup;
			children = (
				1AFB425B23A8EC0300585B3B /* RefreshableList_ver2.app */,
			);
			name = Products;
			sourceTree = "<group>";
		};
		1AFB425D23A8EC0300585B3B /* RefreshableList_ver2 */ = {
			isa = PBXGroup;
			children = (
				1AFB425E23A8EC0300585B3B /* AppDelegate.swift */,
				1AFB426023A8EC0300585B3B /* SceneDelegate.swift */,
				1AFB426223A8EC0300585B3B /* ContentView.swift */,
				1AFB427223A8ECBA00585B3B /* ArticleFetcher.swift */,
				1AFB427823A916EB00585B3B /* ListArticle.swift */,
				1AC0DD5B23CE073700CF4C45 /* WriteArticle.swift */,
				1AFB427A23A918E000585B3B /* Article.swift */,
				1A20663B23D048260057E040 /* ArticleRow.swift */,
				1AFB427623A9142400585B3B /* ArticleContent.swift */,
				1AFB427C23A9267A00585B3B /* PullToRefresh.swift */,
				1AFB426423A8EC0600585B3B /* Assets.xcassets */,
				1AFB426923A8EC0600585B3B /* LaunchScreen.storyboard */,
				1AFB426C23A8EC0600585B3B /* Info.plist */,
				1AFB426623A8EC0600585B3B /* Preview Content */,
			);
			path = RefreshableList_ver2;
			sourceTree = "<group>";
		};
		1AFB426623A8EC0600585B3B /* Preview Content */ = {
			isa = PBXGroup;
			children = (
				1AFB426723A8EC0600585B3B /* Preview Assets.xcassets */,
			);
			path = "Preview Content";
			sourceTree = "<group>";
		};
/* End PBXGroup section */

/* Begin PBXNativeTarget section */
		1AFB425A23A8EC0300585B3B /* RefreshableList_ver2 */ = {
			isa = PBXNativeTarget;
			buildConfigurationList = 1AFB426F23A8EC0600585B3B /* Build configuration list for PBXNativeTarget "RefreshableList_ver2" */;
			buildPhases = (
				1AFB425723A8EC0300585B3B /* Sources */,
				1AFB425823A8EC0300585B3B /* Frameworks */,
				1AFB425923A8EC0300585B3B /* Resources */,
			);
			buildRules = (
			);
			dependencies = (
			);
			name = RefreshableList_ver2;
			productName = RefreshableList_ver2;
			productReference = 1AFB425B23A8EC0300585B3B /* RefreshableList_ver2.app */;
			productType = "com.apple.product-type.application";
		};
/* End PBXNativeTarget section */

/* Begin PBXProject section */
		1AFB425323A8EC0300585B3B /* Project object */ = {
			isa = PBXProject;
			attributes = {
				LastSwiftUpdateCheck = 1110;
				LastUpgradeCheck = 1110;
				ORGANIZATIONNAME = James;
				TargetAttributes = {
					1AFB425A23A8EC0300585B3B = {
						CreatedOnToolsVersion = 11.1;
					};
				};
			};
			buildConfigurationList = 1AFB425623A8EC0300585B3B /* Build configuration list for PBXProject "RefreshableList_ver2" */;
			compatibilityVersion = "Xcode 9.3";
			developmentRegion = en;
			hasScannedForEncodings = 0;
			knownRegions = (
				en,
				Base,
			);
			mainGroup = 1AFB425223A8EC0300585B3B;
			productRefGroup = 1AFB425C23A8EC0300585B3B /* Products */;
			projectDirPath = "";
			projectRoot = "";
			targets = (
				1AFB425A23A8EC0300585B3B /* RefreshableList_ver2 */,
			);
		};
/* End PBXProject section */

/* Begin PBXResourcesBuildPhase section */
		1AFB425923A8EC0300585B3B /* Resources */ = {
			isa = PBXResourcesBuildPhase;
			buildActionMask = 2147483647;
			files = (
				1AFB426B23A8EC0600585B3B /* LaunchScreen.storyboard in Resources */,
				1AFB426823A8EC0600585B3B /* Preview Assets.xcassets in Resources */,
				1AFB426523A8EC0600585B3B /* Assets.xcassets in Resources */,
			);
			runOnlyForDeploymentPostprocessing = 0;
		};
/* End PBXResourcesBuildPhase section */

/* Begin PBXSourcesBuildPhase section */
		1AFB425723A8EC0300585B3B /* Sources */ = {
			isa = PBXSourcesBuildPhase;
			buildActionMask = 2147483647;
			files = (
				1AC0DD5C23CE073700CF4C45 /* WriteArticle.swift in Sources */,
				1AFB427323A8ECBA00585B3B /* ArticleFetcher.swift in Sources */,
				1AFB425F23A8EC0300585B3B /* AppDelegate.swift in Sources */,
				1AFB426123A8EC0300585B3B /* SceneDelegate.swift in Sources */,
				1AFB427B23A918E000585B3B /* Article.swift in Sources */,
				1A20663C23D048260057E040 /* ArticleRow.swift in Sources */,
				1AFB426323A8EC0300585B3B /* ContentView.swift in Sources */,
				1AFB427D23A9267A00585B3B /* PullToRefresh.swift in Sources */,
				1AFB427923A916EB00585B3B /* ListArticle.swift in Sources */,
				1AFB427723A9142400585B3B /* ArticleContent.swift in Sources */,
			);
			runOnlyForDeploymentPostprocessing = 0;
		};
/* End PBXSourcesBuildPhase section */

/* Begin PBXVariantGroup section */
		1AFB426923A8EC0600585B3B /* LaunchScreen.storyboard */ = {
			isa = PBXVariantGroup;
			children = (
				1AFB426A23A8EC0600585B3B /* Base */,
			);
			name = LaunchScreen.storyboard;
			sourceTree = "<group>";
		};
/* End PBXVariantGroup section */

/* Begin XCBuildConfiguration section */
		1AFB426D23A8EC0600585B3B /* Debug */ = {
			isa = XCBuildConfiguration;
			buildSettings = {
				ALWAYS_SEARCH_USER_PATHS = NO;
				CLANG_ANALYZER_NONNULL = YES;
				CLANG_ANALYZER_NUMBER_OBJECT_CONVERSION = YES_AGGRESSIVE;
				CLANG_CXX_LANGUAGE_STANDARD = "gnu++14";
				CLANG_CXX_LIBRARY = "libc++";
				CLANG_ENABLE_MODULES = YES;
				CLANG_ENABLE_OBJC_ARC = YES;
				CLANG_ENABLE_OBJC_WEAK = YES;
				CLANG_WARN_BLOCK_CAPTURE_AUTORELEASING = YES;
				CLANG_WARN_BOOL_CONVERSION = YES;
				CLANG_WARN_COMMA = YES;
				CLANG_WARN_CONSTANT_CONVERSION = YES;
				CLANG_WARN_DEPRECATED_OBJC_IMPLEMENTATIONS = YES;
				CLANG_WARN_DIRECT_OBJC_ISA_USAGE = YES_ERROR;
				CLANG_WARN_DOCUMENTATION_COMMENTS = YES;
				CLANG_WARN_EMPTY_BODY = YES;
				CLANG_WARN_ENUM_CONVERSION = YES;
				CLANG_WARN_INFINITE_RECURSION = YES;
				CLANG_WARN_INT_CONVERSION = YES;
				CLANG_WARN_NON_LITERAL_NULL_CONVERSION = YES;
				CLANG_WARN_OBJC_IMPLICIT_RETAIN_SELF = YES;
				CLANG_WARN_OBJC_LITERAL_CONVERSION = YES;
				CLANG_WARN_OBJC_ROOT_CLASS = YES_ERROR;
				CLANG_WARN_RANGE_LOOP_ANALYSIS = YES;
				CLANG_WARN_STRICT_PROTOTYPES = YES;
				CLANG_WARN_SUSPICIOUS_MOVE = YES;
				CLANG_WARN_UNGUARDED_AVAILABILITY = YES_AGGRESSIVE;
				CLANG_WARN_UNREACHABLE_CODE = YES;
				CLANG_WARN__DUPLICATE_METHOD_MATCH = YES;
				COPY_PHASE_STRIP = NO;
				DEBUG_INFORMATION_FORMAT = dwarf;
				ENABLE_STRICT_OBJC_MSGSEND = YES;
				ENABLE_TESTABILITY = YES;
				GCC_C_LANGUAGE_STANDARD = gnu11;
				GCC_DYNAMIC_NO_PIC = NO;
				GCC_NO_COMMON_BLOCKS = YES;
				GCC_OPTIMIZATION_LEVEL = 0;
				GCC_PREPROCESSOR_DEFINITIONS = (
					"DEBUG=1",
					"$(inherited)",
				);
				GCC_WARN_64_TO_32_BIT_CONVERSION = YES;
				GCC_WARN_ABOUT_RETURN_TYPE = YES_ERROR;
				GCC_WARN_UNDECLARED_SELECTOR = YES;
				GCC_WARN_UNINITIALIZED_AUTOS = YES_AGGRESSIVE;
				GCC_WARN_UNUSED_FUNCTION = YES;
				GCC_WARN_UNUSED_VARIABLE = YES;
				IPHONEOS_DEPLOYMENT_TARGET = 13.1;
				MTL_ENABLE_DEBUG_INFO = INCLUDE_SOURCE;
				MTL_FAST_MATH = YES;
				ONLY_ACTIVE_ARCH = YES;
				SDKROOT = iphoneos;
				SWIFT_ACTIVE_COMPILATION_CONDITIONS = DEBUG;
				SWIFT_OPTIMIZATION_LEVEL = "-Onone";
			};
			name = Debug;
		};
		1AFB426E23A8EC0600585B3B /* Release */ = {
			isa = XCBuildConfiguration;
			buildSettings = {
				ALWAYS_SEARCH_USER_PATHS = NO;
				CLANG_ANALYZER_NONNULL = YES;
				CLANG_ANALYZER_NUMBER_OBJECT_CONVERSION = YES_AGGRESSIVE;
				CLANG_CXX_LANGUAGE_STANDARD = "gnu++14";
				CLANG_CXX_LIBRARY = "libc++";
				CLANG_ENABLE_MODULES = YES;
				CLANG_ENABLE_OBJC_ARC = YES;
				CLANG_ENABLE_OBJC_WEAK = YES;
				CLANG_WARN_BLOCK_CAPTURE_AUTORELEASING = YES;
				CLANG_WARN_BOOL_CONVERSION = YES;
				CLANG_WARN_COMMA = YES;
				CLANG_WARN_CONSTANT_CONVERSION = YES;
				CLANG_WARN_DEPRECATED_OBJC_IMPLEMENTATIONS = YES;
				CLANG_WARN_DIRECT_OBJC_ISA_USAGE = YES_ERROR;
				CLANG_WARN_DOCUMENTATION_COMMENTS = YES;
				CLANG_WARN_EMPTY_BODY = YES;
				CLANG_WARN_ENUM_CONVERSION = YES;
				CLANG_WARN_INFINITE_RECURSION = YES;
				CLANG_WARN_INT_CONVERSION = YES;
				CLANG_WARN_NON_LITERAL_NULL_CONVERSION = YES;
				CLANG_WARN_OBJC_IMPLICIT_RETAIN_SELF = YES;
				CLANG_WARN_OBJC_LITERAL_CONVERSION = YES;
				CLANG_WARN_OBJC_ROOT_CLASS = YES_ERROR;
				CLANG_WARN_RANGE_LOOP_ANALYSIS = YES;
				CLANG_WARN_STRICT_PROTOTYPES = YES;
				CLANG_WARN_SUSPICIOUS_MOVE = YES;
				CLANG_WARN_UNGUARDED_AVAILABILITY = YES_AGGRESSIVE;
				CLANG_WARN_UNREACHABLE_CODE = YES;
				CLANG_WARN__DUPLICATE_METHOD_MATCH = YES;
				COPY_PHASE_STRIP = NO;
				DEBUG_INFORMATION_FORMAT = "dwarf-with-dsym";
				ENABLE_NS_ASSERTIONS = NO;
				ENABLE_STRICT_OBJC_MSGSEND = YES;
				GCC_C_LANGUAGE_STANDARD = gnu11;
				GCC_NO_COMMON_BLOCKS = YES;
				GCC_WARN_64_TO_32_BIT_CONVERSION = YES;
				GCC_WARN_ABOUT_RETURN_TYPE = YES_ERROR;
				GCC_WARN_UNDECLARED_SELECTOR = YES;
				GCC_WARN_UNINITIALIZED_AUTOS = YES_AGGRESSIVE;
				GCC_WARN_UNUSED_FUNCTION = YES;
				GCC_WARN_UNUSED_VARIABLE = YES;
				IPHONEOS_DEPLOYMENT_TARGET = 13.1;
				MTL_ENABLE_DEBUG_INFO = NO;
				MTL_FAST_MATH = YES;
				SDKROOT = iphoneos;
				SWIFT_COMPILATION_MODE = wholemodule;
				SWIFT_OPTIMIZATION_LEVEL = "-O";
				VALIDATE_PRODUCT = YES;
			};
			name = Release;
		};
		1AFB427023A8EC0600585B3B /* Debug */ = {
			isa = XCBuildConfiguration;
			buildSettings = {
				ASSETCATALOG_COMPILER_APPICON_NAME = AppIcon;
				CODE_SIGN_STYLE = Automatic;
				DEVELOPMENT_ASSET_PATHS = "\"RefreshableList_ver2/Preview Content\"";
				ENABLE_PREVIEWS = YES;
				INFOPLIST_FILE = RefreshableList_ver2/Info.plist;
				LD_RUNPATH_SEARCH_PATHS = (
					"$(inherited)",
					"@executable_path/Frameworks",
				);
				PRODUCT_BUNDLE_IDENTIFIER = "edu.RefreshableList-ver2";
				PRODUCT_NAME = "$(TARGET_NAME)";
				SWIFT_VERSION = 5.0;
				TARGETED_DEVICE_FAMILY = "1,2";
			};
			name = Debug;
		};
		1AFB427123A8EC0600585B3B /* Release */ = {
			isa = XCBuildConfiguration;
			buildSettings = {
				ASSETCATALOG_COMPILER_APPICON_NAME = AppIcon;
				CODE_SIGN_STYLE = Automatic;
				DEVELOPMENT_ASSET_PATHS = "\"RefreshableList_ver2/Preview Content\"";
				ENABLE_PREVIEWS = YES;
				INFOPLIST_FILE = RefreshableList_ver2/Info.plist;
				LD_RUNPATH_SEARCH_PATHS = (
					"$(inherited)",
					"@executable_path/Frameworks",
				);
				PRODUCT_BUNDLE_IDENTIFIER = "edu.RefreshableList-ver2";
				PRODUCT_NAME = "$(TARGET_NAME)";
				SWIFT_VERSION = 5.0;
				TARGETED_DEVICE_FAMILY = "1,2";
			};
			name = Release;
		};
/* End XCBuildConfiguration section */

/* Begin XCConfigurationList section */
		1AFB425623A8EC0300585B3B /* Build configuration list for PBXProject "RefreshableList_ver2" */ = {
			isa = XCConfigurationList;
			buildConfigurations = (
				1AFB426D23A8EC0600585B3B /* Debug */,
				1AFB426E23A8EC0600585B3B /* Release */,
			);
			defaultConfigurationIsVisible = 0;
			defaultConfigurationName = Release;
		};
		1AFB426F23A8EC0600585B3B /* Build configuration list for PBXNativeTarget "RefreshableList_ver2" */ = {
			isa = XCConfigurationList;
			buildConfigurations = (
				1AFB427023A8EC0600585B3B /* Debug */,
				1AFB427123A8EC0600585B3B /* Release */,
			);
			defaultConfigurationIsVisible = 0;
			defaultConfigurationName = Release;
		};
/* End XCConfigurationList section */
	};
	rootObject = 1AFB425323A8EC0300585B3B /* Project object */;
}
